
Microsoft Visual Studio Solution File, Format Version 12.00
# Visual Studio Version 16
VisualStudioVersion = 16.0.32630.194
MinimumVisualStudioVersion = 10.0.40219.1
Project("{FAE04EC0-301F-11D3-BF4B-00C04F79EFBC}") = "PizzaOrderReceipt", "PizzaOrderReceipt.csproj", "{035A0A16-7D2E-4DF7-81D7-273D9363E2DB}"
EndProject
Global
	GlobalSection(SolutionConfigurationPlatforms) = preSolution
		Debug|Any CPU = Debug|Any CPU
		Release|Any CPU = Release|Any CPU
	EndGlobalSection
	GlobalSection(ProjectConfigurationPlatforms) = postSolution
		{035A0A16-7D2E-4DF7-81D7-273D9363E2DB}.Debug|Any CPU.ActiveCfg = Debug|Any CPU
		{035A0A16-7D2E-4DF7-81D7-273D9363E2DB}.Debug|Any CPU.Build.0 = Debug|Any CPU
		{035A0A16-7D2E-4DF7-81D7-273D9363E2DB}.Release|Any CPU.ActiveCfg = Release|Any CPU
		{035A0A16-7D2E-4DF7-81D7-273D9363E2DB}.Release|Any CPU.Build.0 = Release|Any CPU
	EndGlobalSection
	GlobalSection(SolutionProperties) = preSolution
		HideSolutionNode = FALSE
	EndGlobalSection
	GlobalSection(ExtensibilityGlobals) = postSolution
		SolutionGuid = {50090629-5184-416D-A06B-9A360D749605}
	EndGlobalSection
EndGlobal
